{
  "version": "5",
  "specifiers": {
    "jsr:@jotsr/delayed@*": "2.1.1",
    "jsr:@jotsr/delayed@^2.1.1": "2.1.1"
  },
  "jsr": {
    "@jotsr/delayed@2.1.1": {
      "integrity": "b636cc1ae8a2843412738f40c1cf5f117d909bf6986dbce7af945afd363b65b7"
    }
  },
  "redirects": {
    "https://deno.land/x/delayed/mod.ts": "https://deno.land/x/delayed@2.1.1/mod.ts"
  },
  "remote": {
    "https://deno.land/x/delayed@2.1.1/mod.ts": "e0c83e0ecfa9665fd639d840210e3c1f1120b7df9dda6becc4adb3843df577e5",
    "https://deno.land/x/delayed@2.1.1/src/interval.ts": "8c0512a3d9715b52ccf8ab7903d71e84818f4fde37db332d9138e0922c3b6338",
    "https://deno.land/x/delayed@2.1.1/src/sleep.ts": "c33a9cfa99ccbcfdde00c0a23a039ee2037570c42f4b22a59f63804893e3796a",
    "https://deno.land/x/delayed@2.1.1/src/timeout.ts": "f0e190b3e90bb82813677d0ee2e2705ac9994ca211129ad421d51d6deb5f8267"
  },
  "workspace": {
    "dependencies": [
      "jsr:@jotsr/delayed@^2.1.1"
    ]
  }
}
